
Microsoft Visual Studio Solution File, Format Version 12.00
# Visual Studio Version 16
VisualStudioVersion = 16.0.32428.217
MinimumVisualStudioVersion = 10.0.40219.1
Project("{FAE04EC0-301F-11D3-BF4B-00C04F79EFBC}") = "DeadLock", "DeadLock\DeadLock.csproj", "{C5E14D0F-565B-48A5-BB3D-9FF165440B8F}"
EndProject
Global
	GlobalSection(SolutionConfigurationPlatforms) = preSolution
		Debug|Any CPU = Debug|Any CPU
		Release|Any CPU = Release|Any CPU
	EndGlobalSection
	GlobalSection(ProjectConfigurationPlatforms) = postSolution
		{C5E14D0F-565B-48A5-BB3D-9FF165440B8F}.Debug|Any CPU.ActiveCfg = Debug|Any CPU
		{C5E14D0F-565B-48A5-BB3D-9FF165440B8F}.Debug|Any CPU.Build.0 = Debug|Any CPU
		{C5E14D0F-565B-48A5-BB3D-9FF165440B8F}.Release|Any CPU.ActiveCfg = Release|Any CPU
		{C5E14D0F-565B-48A5-BB3D-9FF165440B8F}.Release|Any CPU.Build.0 = Release|Any CPU
	EndGlobalSection
	GlobalSection(SolutionProperties) = preSolution
		HideSolutionNode = FALSE
	EndGlobalSection
	GlobalSection(ExtensibilityGlobals) = postSolution
		SolutionGuid = {A26C39FB-42D1-4D0C-AEBB-CC3C94221503}
	EndGlobalSection
EndGlobal
